
Microsoft Visual Studio Solution File, Format Version 12.00
# Visual Studio Version 17
VisualStudioVersion = 17.13.35825.156 d17.13
MinimumVisualStudioVersion = 10.0.40219.1
Project("{888888A0-9F3D-457C-B088-3A5042F75D52}") = "EIF 로그 뷰어", "EIF 로그 뷰어.pyproj", "{34C6C627-9F44-4C2C-93BD-DC1322A45C02}"
EndProject
Global
	GlobalSection(SolutionConfigurationPlatforms) = preSolution
		Debug|Any CPU = Debug|Any CPU
		Release|Any CPU = Release|Any CPU
	EndGlobalSection
	GlobalSection(ProjectConfigurationPlatforms) = postSolution
		{34C6C627-9F44-4C2C-93BD-DC1322A45C02}.Debug|Any CPU.ActiveCfg = Debug|Any CPU
		{34C6C627-9F44-4C2C-93BD-DC1322A45C02}.Release|Any CPU.ActiveCfg = Release|Any CPU
	EndGlobalSection
	GlobalSection(SolutionProperties) = preSolution
		HideSolutionNode = FALSE
	EndGlobalSection
	GlobalSection(ExtensibilityGlobals) = postSolution
		SolutionGuid = {C41FC469-A1DD-48EE-A6D5-57CABD1268E5}
	EndGlobalSection
EndGlobal
